// !$*UTF8*$!
{
	archiveVersion = 1;
	classes = {
	};
	objectVersion = 50;
	objects = {

/* Begin PBXBuildFile section */
		8423772326E5AA5800633730 /* GameTitleScreen.swift in Sources */ = {isa = PBXBuildFile; fileRef = 8423772226E5AA5800633730 /* GameTitleScreen.swift */; };
		8423772526E5AE5500633730 /* GameScreen.swift in Sources */ = {isa = PBXBuildFile; fileRef = 8423772426E5AE5500633730 /* GameScreen.swift */; };
		8481F91526DC8615004FBBA0 /* EnemyNode.swift in Sources */ = {isa = PBXBuildFile; fileRef = 8481F91426DC8615004FBBA0 /* EnemyNode.swift */; };
		8481F91B26DCEFBA004FBBA0 /* Explosion.sks in Resources */ = {isa = PBXBuildFile; fileRef = 8481F91A26DCEFBA004FBBA0 /* Explosion.sks */; };
		8481F92926E0E6F9004FBBA0 /* Barrage.swift in Sources */ = {isa = PBXBuildFile; fileRef = 8481F92826E0E6F8004FBBA0 /* Barrage.swift */; };
		84D88F9026D75F5D0062E6D2 /* DontFailApp.swift in Sources */ = {isa = PBXBuildFile; fileRef = 84D88F8F26D75F5D0062E6D2 /* DontFailApp.swift */; };
		84D88F9226D75F5D0062E6D2 /* ContentView.swift in Sources */ = {isa = PBXBuildFile; fileRef = 84D88F9126D75F5D0062E6D2 /* ContentView.swift */; };
		84D88F9426D75F610062E6D2 /* Assets.xcassets in Resources */ = {isa = PBXBuildFile; fileRef = 84D88F9326D75F610062E6D2 /* Assets.xcassets */; };
		84D88F9726D75F610062E6D2 /* Preview Assets.xcassets in Resources */ = {isa = PBXBuildFile; fileRef = 84D88F9626D75F610062E6D2 /* Preview Assets.xcassets */; };
		84D88F9F26D760DA0062E6D2 /* GameScene.swift in Sources */ = {isa = PBXBuildFile; fileRef = 84D88F9E26D760DA0062E6D2 /* GameScene.swift */; };
/* End PBXBuildFile section */

/* Begin PBXFileReference section */
		8423772226E5AA5800633730 /* GameTitleScreen.swift */ = {isa = PBXFileReference; lastKnownFileType = sourcecode.swift; path = GameTitleScreen.swift; sourceTree = "<group>"; };
		8423772426E5AE5500633730 /* GameScreen.swift */ = {isa = PBXFileReference; lastKnownFileType = sourcecode.swift; path = GameScreen.swift; sourceTree = "<group>"; };
		8481F91426DC8615004FBBA0 /* EnemyNode.swift */ = {isa = PBXFileReference; lastKnownFileType = sourcecode.swift; path = EnemyNode.swift; sourceTree = "<group>"; };
		8481F91A26DCEFBA004FBBA0 /* Explosion.sks */ = {isa = PBXFileReference; lastKnownFileType = file.sks; path = Explosion.sks; sourceTree = "<group>"; };
		8481F92826E0E6F8004FBBA0 /* Barrage.swift */ = {isa = PBXFileReference; lastKnownFileType = sourcecode.swift; path = Barrage.swift; sourceTree = "<group>"; };
		84D88F8C26D75F5D0062E6D2 /* Don't Fail!.app */ = {isa = PBXFileReference; explicitFileType = wrapper.application; includeInIndex = 0; path = "Don't Fail!.app"; sourceTree = BUILT_PRODUCTS_DIR; };
		84D88F8F26D75F5D0062E6D2 /* DontFailApp.swift */ = {isa = PBXFileReference; lastKnownFileType = sourcecode.swift; path = DontFailApp.swift; sourceTree = "<group>"; };
		84D88F9126D75F5D0062E6D2 /* ContentView.swift */ = {isa = PBXFileReference; lastKnownFileType = sourcecode.swift; path = ContentView.swift; sourceTree = "<group>"; };
		84D88F9326D75F610062E6D2 /* Assets.xcassets */ = {isa = PBXFileReference; lastKnownFileType = folder.assetcatalog; path = Assets.xcassets; sourceTree = "<group>"; };
		84D88F9626D75F610062E6D2 /* Preview Assets.xcassets */ = {isa = PBXFileReference; lastKnownFileType = folder.assetcatalog; path = "Preview Assets.xcassets"; sourceTree = "<group>"; };
		84D88F9826D75F610062E6D2 /* Info.plist */ = {isa = PBXFileReference; lastKnownFileType = text.plist.xml; path = Info.plist; sourceTree = "<group>"; };
		84D88F9E26D760DA0062E6D2 /* GameScene.swift */ = {isa = PBXFileReference; lastKnownFileType = sourcecode.swift; path = GameScene.swift; sourceTree = "<group>"; };
/* End PBXFileReference section */

/* Begin PBXFrameworksBuildPhase section */
		84D88F8926D75F5D0062E6D2 /* Frameworks */ = {
			isa = PBXFrameworksBuildPhase;
			buildActionMask = 2147483647;
			files = (
			);
			runOnlyForDeploymentPostprocessing = 0;
		};
/* End PBXFrameworksBuildPhase section */

/* Begin PBXGroup section */
		84D88F8326D75F5C0062E6D2 = {
			isa = PBXGroup;
			children = (
				84D88F8E26D75F5D0062E6D2 /* Don't Fail! */,
				84D88F8D26D75F5D0062E6D2 /* Products */,
			);
			sourceTree = "<group>";
		};
		84D88F8D26D75F5D0062E6D2 /* Products */ = {
			isa = PBXGroup;
			children = (
				84D88F8C26D75F5D0062E6D2 /* Don't Fail!.app */,
			);
			name = Products;
			sourceTree = "<group>";
		};
		84D88F8E26D75F5D0062E6D2 /* Don't Fail! */ = {
			isa = PBXGroup;
			children = (
				84D88F8F26D75F5D0062E6D2 /* DontFailApp.swift */,
				84D88F9126D75F5D0062E6D2 /* ContentView.swift */,
				84D88F9326D75F610062E6D2 /* Assets.xcassets */,
				84D88F9826D75F610062E6D2 /* Info.plist */,
				84D88F9526D75F610062E6D2 /* Preview Content */,
				84D88F9E26D760DA0062E6D2 /* GameScene.swift */,
				8423772426E5AE5500633730 /* GameScreen.swift */,
				8423772226E5AA5800633730 /* GameTitleScreen.swift */,
				8481F92826E0E6F8004FBBA0 /* Barrage.swift */,
				8481F91A26DCEFBA004FBBA0 /* Explosion.sks */,
				8481F91426DC8615004FBBA0 /* EnemyNode.swift */,
			);
			path = "Don't Fail!";
			sourceTree = "<group>";
		};
		84D88F9526D75F610062E6D2 /* Preview Content */ = {
			isa = PBXGroup;
			children = (
				84D88F9626D75F610062E6D2 /* Preview Assets.xcassets */,
			);
			path = "Preview Content";
			sourceTree = "<group>";
		};
/* End PBXGroup section */

/* Begin PBXNativeTarget section */
		84D88F8B26D75F5D0062E6D2 /* Don't Fail! */ = {
			isa = PBXNativeTarget;
			buildConfigurationList = 84D88F9B26D75F610062E6D2 /* Build configuration list for PBXNativeTarget "Don't Fail!" */;
			buildPhases = (
				84D88F8826D75F5D0062E6D2 /* Sources */,
				84D88F8926D75F5D0062E6D2 /* Frameworks */,
				84D88F8A26D75F5D0062E6D2 /* Resources */,
			);
			buildRules = (
			);
			dependencies = (
			);
			name = "Don't Fail!";
			productName = "Don't Fail!";
			productReference = 84D88F8C26D75F5D0062E6D2 /* Don't Fail!.app */;
			productType = "com.apple.product-type.application";
		};
/* End PBXNativeTarget section */

/* Begin PBXProject section */
		84D88F8426D75F5C0062E6D2 /* Project object */ = {
			isa = PBXProject;
			attributes = {
				LastSwiftUpdateCheck = 1250;
				LastUpgradeCheck = 1250;
				TargetAttributes = {
					84D88F8B26D75F5D0062E6D2 = {
						CreatedOnToolsVersion = 12.5.1;
					};
				};
			};
			buildConfigurationList = 84D88F8726D75F5C0062E6D2 /* Build configuration list for PBXProject "Don't Fail!" */;
			compatibilityVersion = "Xcode 9.3";
			developmentRegion = en;
			hasScannedForEncodings = 0;
			knownRegions = (
				en,
				Base,
			);
			mainGroup = 84D88F8326D75F5C0062E6D2;
			productRefGroup = 84D88F8D26D75F5D0062E6D2 /* Products */;
			projectDirPath = "";
			projectRoot = "";
			targets = (
				84D88F8B26D75F5D0062E6D2 /* Don't Fail! */,
			);
		};
/* End PBXProject section */

/* Begin PBXResourcesBuildPhase section */
		84D88F8A26D75F5D0062E6D2 /* Resources */ = {
			isa = PBXResourcesBuildPhase;
			buildActionMask = 2147483647;
			files = (
				84D88F9726D75F610062E6D2 /* Preview Assets.xcassets in Resources */,
				84D88F9426D75F610062E6D2 /* Assets.xcassets in Resources */,
				8481F91B26DCEFBA004FBBA0 /* Explosion.sks in Resources */,
			);
			runOnlyForDeploymentPostprocessing = 0;
		};
/* End PBXResourcesBuildPhase section */

/* Begin PBXSourcesBuildPhase section */
		84D88F8826D75F5D0062E6D2 /* Sources */ = {
			isa = PBXSourcesBuildPhase;
			buildActionMask = 2147483647;
			files = (
				84D88F9F26D760DA0062E6D2 /* GameScene.swift in Sources */,
				84D88F9226D75F5D0062E6D2 /* ContentView.swift in Sources */,
				8481F91526DC8615004FBBA0 /* EnemyNode.swift in Sources */,
				8481F92926E0E6F9004FBBA0 /* Barrage.swift in Sources */,
				84D88F9026D75F5D0062E6D2 /* DontFailApp.swift in Sources */,
				8423772526E5AE5500633730 /* GameScreen.swift in Sources */,
				8423772326E5AA5800633730 /* GameTitleScreen.swift in Sources */,
			);
			runOnlyForDeploymentPostprocessing = 0;
		};
/* End PBXSourcesBuildPhase section */

/* Begin XCBuildConfiguration section */
		84D88F9926D75F610062E6D2 /* Debug */ = {
			isa = XCBuildConfiguration;
			buildSettings = {
				ALWAYS_SEARCH_USER_PATHS = NO;
				CLANG_ANALYZER_NONNULL = YES;
				CLANG_ANALYZER_NUMBER_OBJECT_CONVERSION = YES_AGGRESSIVE;
				CLANG_CXX_LANGUAGE_STANDARD = "gnu++14";
				CLANG_CXX_LIBRARY = "libc++";
				CLANG_ENABLE_MODULES = YES;
				CLANG_ENABLE_OBJC_ARC = YES;
				CLANG_ENABLE_OBJC_WEAK = YES;
				CLANG_WARN_BLOCK_CAPTURE_AUTORELEASING = YES;
				CLANG_WARN_BOOL_CONVERSION = YES;
				CLANG_WARN_COMMA = YES;
				CLANG_WARN_CONSTANT_CONVERSION = YES;
				CLANG_WARN_DEPRECATED_OBJC_IMPLEMENTATIONS = YES;
				CLANG_WARN_DIRECT_OBJC_ISA_USAGE = YES_ERROR;
				CLANG_WARN_DOCUMENTATION_COMMENTS = YES;
				CLANG_WARN_EMPTY_BODY = YES;
				CLANG_WARN_ENUM_CONVERSION = YES;
				CLANG_WARN_INFINITE_RECURSION = YES;
				CLANG_WARN_INT_CONVERSION = YES;
				CLANG_WARN_NON_LITERAL_NULL_CONVERSION = YES;
				CLANG_WARN_OBJC_IMPLICIT_RETAIN_SELF = YES;
				CLANG_WARN_OBJC_LITERAL_CONVERSION = YES;
				CLANG_WARN_OBJC_ROOT_CLASS = YES_ERROR;
				CLANG_WARN_QUOTED_INCLUDE_IN_FRAMEWORK_HEADER = YES;
				CLANG_WARN_RANGE_LOOP_ANALYSIS = YES;
				CLANG_WARN_STRICT_PROTOTYPES = YES;
				CLANG_WARN_SUSPICIOUS_MOVE = YES;
				CLANG_WARN_UNGUARDED_AVAILABILITY = YES_AGGRESSIVE;
				CLANG_WARN_UNREACHABLE_CODE = YES;
				CLANG_WARN__DUPLICATE_METHOD_MATCH = YES;
				COPY_PHASE_STRIP = NO;
				DEBUG_INFORMATION_FORMAT = dwarf;
				ENABLE_STRICT_OBJC_MSGSEND = YES;
				ENABLE_TESTABILITY = YES;
				GCC_C_LANGUAGE_STANDARD = gnu11;
				GCC_DYNAMIC_NO_PIC = NO;
				GCC_NO_COMMON_BLOCKS = YES;
				GCC_OPTIMIZATION_LEVEL = 0;
				GCC_PREPROCESSOR_DEFINITIONS = (
					"DEBUG=1",
					"$(inherited)",
				);
				GCC_WARN_64_TO_32_BIT_CONVERSION = YES;
				GCC_WARN_ABOUT_RETURN_TYPE = YES_ERROR;
				GCC_WARN_UNDECLARED_SELECTOR = YES;
				GCC_WARN_UNINITIALIZED_AUTOS = YES_AGGRESSIVE;
				GCC_WARN_UNUSED_FUNCTION = YES;
				GCC_WARN_UNUSED_VARIABLE = YES;
				IPHONEOS_DEPLOYMENT_TARGET = 14.5;
				MTL_ENABLE_DEBUG_INFO = INCLUDE_SOURCE;
				MTL_FAST_MATH = YES;
				ONLY_ACTIVE_ARCH = YES;
				SDKROOT = iphoneos;
				SWIFT_ACTIVE_COMPILATION_CONDITIONS = DEBUG;
				SWIFT_OPTIMIZATION_LEVEL = "-Onone";
			};
			name = Debug;
		};
		84D88F9A26D75F610062E6D2 /* Release */ = {
			isa = XCBuildConfiguration;
			buildSettings = {
				ALWAYS_SEARCH_USER_PATHS = NO;
				CLANG_ANALYZER_NONNULL = YES;
				CLANG_ANALYZER_NUMBER_OBJECT_CONVERSION = YES_AGGRESSIVE;
				CLANG_CXX_LANGUAGE_STANDARD = "gnu++14";
				CLANG_CXX_LIBRARY = "libc++";
				CLANG_ENABLE_MODULES = YES;
				CLANG_ENABLE_OBJC_ARC = YES;
				CLANG_ENABLE_OBJC_WEAK = YES;
				CLANG_WARN_BLOCK_CAPTURE_AUTORELEASING = YES;
				CLANG_WARN_BOOL_CONVERSION = YES;
				CLANG_WARN_COMMA = YES;
				CLANG_WARN_CONSTANT_CONVERSION = YES;
				CLANG_WARN_DEPRECATED_OBJC_IMPLEMENTATIONS = YES;
				CLANG_WARN_DIRECT_OBJC_ISA_USAGE = YES_ERROR;
				CLANG_WARN_DOCUMENTATION_COMMENTS = YES;
				CLANG_WARN_EMPTY_BODY = YES;
				CLANG_WARN_ENUM_CONVERSION = YES;
				CLANG_WARN_INFINITE_RECURSION = YES;
				CLANG_WARN_INT_CONVERSION = YES;
				CLANG_WARN_NON_LITERAL_NULL_CONVERSION = YES;
				CLANG_WARN_OBJC_IMPLICIT_RETAIN_SELF = YES;
				CLANG_WARN_OBJC_LITERAL_CONVERSION = YES;
				CLANG_WARN_OBJC_ROOT_CLASS = YES_ERROR;
				CLANG_WARN_QUOTED_INCLUDE_IN_FRAMEWORK_HEADER = YES;
				CLANG_WARN_RANGE_LOOP_ANALYSIS = YES;
				CLANG_WARN_STRICT_PROTOTYPES = YES;
				CLANG_WARN_SUSPICIOUS_MOVE = YES;
				CLANG_WARN_UNGUARDED_AVAILABILITY = YES_AGGRESSIVE;
				CLANG_WARN_UNREACHABLE_CODE = YES;
				CLANG_WARN__DUPLICATE_METHOD_MATCH = YES;
				COPY_PHASE_STRIP = NO;
				DEBUG_INFORMATION_FORMAT = "dwarf-with-dsym";
				ENABLE_NS_ASSERTIONS = NO;
				ENABLE_STRICT_OBJC_MSGSEND = YES;
				GCC_C_LANGUAGE_STANDARD = gnu11;
				GCC_NO_COMMON_BLOCKS = YES;
				GCC_WARN_64_TO_32_BIT_CONVERSION = YES;
				GCC_WARN_ABOUT_RETURN_TYPE = YES_ERROR;
				GCC_WARN_UNDECLARED_SELECTOR = YES;
				GCC_WARN_UNINITIALIZED_AUTOS = YES_AGGRESSIVE;
				GCC_WARN_UNUSED_FUNCTION = YES;
				GCC_WARN_UNUSED_VARIABLE = YES;
				IPHONEOS_DEPLOYMENT_TARGET = 14.5;
				MTL_ENABLE_DEBUG_INFO = NO;
				MTL_FAST_MATH = YES;
				SDKROOT = iphoneos;
				SWIFT_COMPILATION_MODE = wholemodule;
				SWIFT_OPTIMIZATION_LEVEL = "-O";
				VALIDATE_PRODUCT = YES;
			};
			name = Release;
		};
		84D88F9C26D75F610062E6D2 /* Debug */ = {
			isa = XCBuildConfiguration;
			buildSettings = {
				ASSETCATALOG_COMPILER_APPICON_NAME = AppIcon;
				ASSETCATALOG_COMPILER_GLOBAL_ACCENT_COLOR_NAME = AccentColor;
				CODE_SIGN_STYLE = Automatic;
				DEVELOPMENT_ASSET_PATHS = "\"Don't Fail!/Preview Content\"";
				DEVELOPMENT_TEAM = 8U6S79K97D;
				ENABLE_PREVIEWS = YES;
				INFOPLIST_FILE = "Don't Fail!/Info.plist";
				IPHONEOS_DEPLOYMENT_TARGET = 14.0;
				LD_RUNPATH_SEARCH_PATHS = (
					"$(inherited)",
					"@executable_path/Frameworks",
				);
				PRODUCT_BUNDLE_IDENTIFIER = "plainoaks.Don-t-Fail-";
				PRODUCT_NAME = "$(TARGET_NAME)";
				SWIFT_VERSION = 5.0;
				TARGETED_DEVICE_FAMILY = "1,2";
			};
			name = Debug;
		};
		84D88F9D26D75F610062E6D2 /* Release */ = {
			isa = XCBuildConfiguration;
			buildSettings = {
				ASSETCATALOG_COMPILER_APPICON_NAME = AppIcon;
				ASSETCATALOG_COMPILER_GLOBAL_ACCENT_COLOR_NAME = AccentColor;
				CODE_SIGN_STYLE = Automatic;
				DEVELOPMENT_ASSET_PATHS = "\"Don't Fail!/Preview Content\"";
				DEVELOPMENT_TEAM = 8U6S79K97D;
				ENABLE_PREVIEWS = YES;
				INFOPLIST_FILE = "Don't Fail!/Info.plist";
				IPHONEOS_DEPLOYMENT_TARGET = 14.0;
				LD_RUNPATH_SEARCH_PATHS = (
					"$(inherited)",
					"@executable_path/Frameworks",
				);
				PRODUCT_BUNDLE_IDENTIFIER = "plainoaks.Don-t-Fail-";
				PRODUCT_NAME = "$(TARGET_NAME)";
				SWIFT_VERSION = 5.0;
				TARGETED_DEVICE_FAMILY = "1,2";
			};
			name = Release;
		};
/* End XCBuildConfiguration section */

/* Begin XCConfigurationList section */
		84D88F8726D75F5C0062E6D2 /* Build configuration list for PBXProject "Don't Fail!" */ = {
			isa = XCConfigurationList;
			buildConfigurations = (
				84D88F9926D75F610062E6D2 /* Debug */,
				84D88F9A26D75F610062E6D2 /* Release */,
			);
			defaultConfigurationIsVisible = 0;
			defaultConfigurationName = Release;
		};
		84D88F9B26D75F610062E6D2 /* Build configuration list for PBXNativeTarget "Don't Fail!" */ = {
			isa = XCConfigurationList;
			buildConfigurations = (
				84D88F9C26D75F610062E6D2 /* Debug */,
				84D88F9D26D75F610062E6D2 /* Release */,
			);
			defaultConfigurationIsVisible = 0;
			defaultConfigurationName = Release;
		};
/* End XCConfigurationList section */
	};
	rootObject = 84D88F8426D75F5C0062E6D2 /* Project object */;
}
